
Microsoft Visual Studio Solution File, Format Version 12.00
# Visual Studio Version 18
VisualStudioVersion = 18.6.11822.322
MinimumVisualStudioVersion = 10.0.40219.1
Project("{FAE04EC0-301F-11D3-BF4B-00C04F79EFBC}") = "nar-2026-cli", "nar-2026-cli\nar-2026-cli.csproj", "{542F1F35-EE1A-2B44-21E7-FFFEDA542AE9}"
EndProject
Project("{FAE04EC0-301F-11D3-BF4B-00C04F79EFBC}") = "nar-2026-win", "nar-2026-win\nar-2026-win.csproj", "{EFA91A9B-F92F-B842-D88E-806AB320864C}"
EndProject
Project("{FAE04EC0-301F-11D3-BF4B-00C04F79EFBC}") = "nar-2026-core", "nar-2026-core\nar-2026-core.csproj", "{495C46BF-FF64-437C-B851-F7CB695BC85A}"
EndProject
Global
	GlobalSection(SolutionConfigurationPlatforms) = preSolution
		Debug|Any CPU = Debug|Any CPU
		Debug|x64 = Debug|x64
		Debug|x86 = Debug|x86
		Release|Any CPU = Release|Any CPU
		Release|x64 = Release|x64
		Release|x86 = Release|x86
	EndGlobalSection
	GlobalSection(ProjectConfigurationPlatforms) = postSolution
		{542F1F35-EE1A-2B44-21E7-FFFEDA542AE9}.Debug|Any CPU.ActiveCfg = Debug|Any CPU
		{542F1F35-EE1A-2B44-21E7-FFFEDA542AE9}.Debug|Any CPU.Build.0 = Debug|Any CPU
		{542F1F35-EE1A-2B44-21E7-FFFEDA542AE9}.Debug|x64.ActiveCfg = Debug|Any CPU
		{542F1F35-EE1A-2B44-21E7-FFFEDA542AE9}.Debug|x64.Build.0 = Debug|Any CPU
		{542F1F35-EE1A-2B44-21E7-FFFEDA542AE9}.Debug|x86.ActiveCfg = Debug|Any CPU
		{542F1F35-EE1A-2B44-21E7-FFFEDA542AE9}.Debug|x86.Build.0 = Debug|Any CPU
		{542F1F35-EE1A-2B44-21E7-FFFEDA542AE9}.Release|Any CPU.ActiveCfg = Release|Any CPU
		{542F1F35-EE1A-2B44-21E7-FFFEDA542AE9}.Release|Any CPU.Build.0 = Release|Any CPU
		{542F1F35-EE1A-2B44-21E7-FFFEDA542AE9}.Release|x64.ActiveCfg = Release|Any CPU
		{542F1F35-EE1A-2B44-21E7-FFFEDA542AE9}.Release|x64.Build.0 = Release|Any CPU
		{542F1F35-EE1A-2B44-21E7-FFFEDA542AE9}.Release|x86.ActiveCfg = Release|Any CPU
		{542F1F35-EE1A-2B44-21E7-FFFEDA542AE9}.Release|x86.Build.0 = Release|Any CPU
		{EFA91A9B-F92F-B842-D88E-806AB320864C}.Debug|Any CPU.ActiveCfg = Debug|Any CPU
		{EFA91A9B-F92F-B842-D88E-806AB320864C}.Debug|Any CPU.Build.0 = Debug|Any CPU
		{EFA91A9B-F92F-B842-D88E-806AB320864C}.Debug|x64.ActiveCfg = Debug|Any CPU
		{EFA91A9B-F92F-B842-D88E-806AB320864C}.Debug|x64.Build.0 = Debug|Any CPU
		{EFA91A9B-F92F-B842-D88E-806AB320864C}.Debug|x86.ActiveCfg = Debug|Any CPU
		{EFA91A9B-F92F-B842-D88E-806AB320864C}.Debug|x86.Build.0 = Debug|Any CPU
		{EFA91A9B-F92F-B842-D88E-806AB320864C}.Release|Any CPU.ActiveCfg = Release|Any CPU
		{EFA91A9B-F92F-B842-D88E-806AB320864C}.Release|Any CPU.Build.0 = Release|Any CPU
		{EFA91A9B-F92F-B842-D88E-806AB320864C}.Release|x64.ActiveCfg = Release|Any CPU
		{EFA91A9B-F92F-B842-D88E-806AB320864C}.Release|x64.Build.0 = Release|Any CPU
		{EFA91A9B-F92F-B842-D88E-806AB320864C}.Release|x86.ActiveCfg = Release|Any CPU
		{EFA91A9B-F92F-B842-D88E-806AB320864C}.Release|x86.Build.0 = Release|Any CPU
		{495C46BF-FF64-437C-B851-F7CB695BC85A}.Debug|Any CPU.ActiveCfg = Debug|Any CPU
		{495C46BF-FF64-437C-B851-F7CB695BC85A}.Debug|Any CPU.Build.0 = Debug|Any CPU
		{495C46BF-FF64-437C-B851-F7CB695BC85A}.Debug|x64.ActiveCfg = Debug|Any CPU
		{495C46BF-FF64-437C-B851-F7CB695BC85A}.Debug|x64.Build.0 = Debug|Any CPU
		{495C46BF-FF64-437C-B851-F7CB695BC85A}.Debug|x86.ActiveCfg = Debug|Any CPU
		{495C46BF-FF64-437C-B851-F7CB695BC85A}.Debug|x86.Build.0 = Debug|Any CPU
		{495C46BF-FF64-437C-B851-F7CB695BC85A}.Release|Any CPU.ActiveCfg = Release|Any CPU
		{495C46BF-FF64-437C-B851-F7CB695BC85A}.Release|Any CPU.Build.0 = Release|Any CPU
		{495C46BF-FF64-437C-B851-F7CB695BC85A}.Release|x64.ActiveCfg = Release|Any CPU
		{495C46BF-FF64-437C-B851-F7CB695BC85A}.Release|x64.Build.0 = Release|Any CPU
		{495C46BF-FF64-437C-B851-F7CB695BC85A}.Release|x86.ActiveCfg = Release|Any CPU
		{495C46BF-FF64-437C-B851-F7CB695BC85A}.Release|x86.Build.0 = Release|Any CPU
	EndGlobalSection
	GlobalSection(SolutionProperties) = preSolution
		HideSolutionNode = FALSE
	EndGlobalSection
	GlobalSection(ExtensibilityGlobals) = postSolution
		SolutionGuid = {781B60F3-9EB4-4DE6-A763-A5284C684B86}
	EndGlobalSection
EndGlobal
